// !$*UTF8*$!
{
	archiveVersion = 1;
	classes = {
	};
	objectVersion = 50;
	objects = {

/* Begin PBXBuildFile section */
		03A1E3AFF12C9E9F63F9C6F9 /* Pods_ApexStatTracker.framework in Frameworks */ = {isa = PBXBuildFile; fileRef = A52E6BB74375C701C49E2863 /* Pods_ApexStatTracker.framework */; };
		E42C845422535AEA00A20339 /* AppDelegate.swift in Sources */ = {isa = PBXBuildFile; fileRef = E42C845322535AEA00A20339 /* AppDelegate.swift */; };
		E42C845622535AEA00A20339 /* PlayerViewController.swift in Sources */ = {isa = PBXBuildFile; fileRef = E42C845522535AEA00A20339 /* PlayerViewController.swift */; };
		E42C845922535AEA00A20339 /* Main.storyboard in Resources */ = {isa = PBXBuildFile; fileRef = E42C845722535AEA00A20339 /* Main.storyboard */; };
		E42C845B22535AEC00A20339 /* Assets.xcassets in Resources */ = {isa = PBXBuildFile; fileRef = E42C845A22535AEC00A20339 /* Assets.xcassets */; };
		E42C845E22535AEC00A20339 /* LaunchScreen.storyboard in Resources */ = {isa = PBXBuildFile; fileRef = E42C845C22535AEC00A20339 /* LaunchScreen.storyboard */; };
		E42C846B225366BE00A20339 /* PlayerDataModel.swift in Sources */ = {isa = PBXBuildFile; fileRef = E42C846A225366BE00A20339 /* PlayerDataModel.swift */; };
		E4729983225DF35000336D7A /* DetailViewController.swift in Sources */ = {isa = PBXBuildFile; fileRef = E4729982225DF35000336D7A /* DetailViewController.swift */; };
		E4A434B122561B7A00CE2A3C /* StatsCollectionViewCell.swift in Sources */ = {isa = PBXBuildFile; fileRef = E4A434B022561B7A00CE2A3C /* StatsCollectionViewCell.swift */; };
/* End PBXBuildFile section */

/* Begin PBXFileReference section */
		2B424D8DE4132058FFF8880C /* Pods-ApexStatTracker.release.xcconfig */ = {isa = PBXFileReference; includeInIndex = 1; lastKnownFileType = text.xcconfig; name = "Pods-ApexStatTracker.release.xcconfig"; path = "Target Support Files/Pods-ApexStatTracker/Pods-ApexStatTracker.release.xcconfig"; sourceTree = "<group>"; };
		9B75023C55E4DBC0622C12BC /* Pods-ApexStatTracker.debug.xcconfig */ = {isa = PBXFileReference; includeInIndex = 1; lastKnownFileType = text.xcconfig; name = "Pods-ApexStatTracker.debug.xcconfig"; path = "Target Support Files/Pods-ApexStatTracker/Pods-ApexStatTracker.debug.xcconfig"; sourceTree = "<group>"; };
		A52E6BB74375C701C49E2863 /* Pods_ApexStatTracker.framework */ = {isa = PBXFileReference; explicitFileType = wrapper.framework; includeInIndex = 0; path = Pods_ApexStatTracker.framework; sourceTree = BUILT_PRODUCTS_DIR; };
		E42C845022535AEA00A20339 /* ApexStatTracker.app */ = {isa = PBXFileReference; explicitFileType = wrapper.application; includeInIndex = 0; path = ApexStatTracker.app; sourceTree = BUILT_PRODUCTS_DIR; };
		E42C845322535AEA00A20339 /* AppDelegate.swift */ = {isa = PBXFileReference; lastKnownFileType = sourcecode.swift; path = AppDelegate.swift; sourceTree = "<group>"; };
		E42C845522535AEA00A20339 /* PlayerViewController.swift */ = {isa = PBXFileReference; lastKnownFileType = sourcecode.swift; path = PlayerViewController.swift; sourceTree = "<group>"; };
		E42C845822535AEA00A20339 /* Base */ = {isa = PBXFileReference; lastKnownFileType = file.storyboard; name = Base; path = Base.lproj/Main.storyboard; sourceTree = "<group>"; };
		E42C845A22535AEC00A20339 /* Assets.xcassets */ = {isa = PBXFileReference; lastKnownFileType = folder.assetcatalog; path = Assets.xcassets; sourceTree = "<group>"; };
		E42C845D22535AEC00A20339 /* Base */ = {isa = PBXFileReference; lastKnownFileType = file.storyboard; name = Base; path = Base.lproj/LaunchScreen.storyboard; sourceTree = "<group>"; };
		E42C845F22535AEC00A20339 /* Info.plist */ = {isa = PBXFileReference; lastKnownFileType = text.plist.xml; path = Info.plist; sourceTree = "<group>"; };
		E42C846A225366BE00A20339 /* PlayerDataModel.swift */ = {isa = PBXFileReference; lastKnownFileType = sourcecode.swift; path = PlayerDataModel.swift; sourceTree = "<group>"; };
		E4729982225DF35000336D7A /* DetailViewController.swift */ = {isa = PBXFileReference; lastKnownFileType = sourcecode.swift; path = DetailViewController.swift; sourceTree = "<group>"; };
		E4A434B022561B7A00CE2A3C /* StatsCollectionViewCell.swift */ = {isa = PBXFileReference; lastKnownFileType = sourcecode.swift; path = StatsCollectionViewCell.swift; sourceTree = "<group>"; };
/* End PBXFileReference section */

/* Begin PBXFrameworksBuildPhase section */
		E42C844D22535AEA00A20339 /* Frameworks */ = {
			isa = PBXFrameworksBuildPhase;
			buildActionMask = 2147483647;
			files = (
				03A1E3AFF12C9E9F63F9C6F9 /* Pods_ApexStatTracker.framework in Frameworks */,
			);
			runOnlyForDeploymentPostprocessing = 0;
		};
/* End PBXFrameworksBuildPhase section */

/* Begin PBXGroup section */
		8468B3FA2BD1D746974EE9CA /* Frameworks */ = {
			isa = PBXGroup;
			children = (
				A52E6BB74375C701C49E2863 /* Pods_ApexStatTracker.framework */,
			);
			name = Frameworks;
			sourceTree = "<group>";
		};
		A9B7727964857976A7D97906 /* Pods */ = {
			isa = PBXGroup;
			children = (
				9B75023C55E4DBC0622C12BC /* Pods-ApexStatTracker.debug.xcconfig */,
				2B424D8DE4132058FFF8880C /* Pods-ApexStatTracker.release.xcconfig */,
			);
			path = Pods;
			sourceTree = "<group>";
		};
		E42C844722535AEA00A20339 = {
			isa = PBXGroup;
			children = (
				E42C845222535AEA00A20339 /* ApexStatTracker */,
				E42C845122535AEA00A20339 /* Products */,
				A9B7727964857976A7D97906 /* Pods */,
				8468B3FA2BD1D746974EE9CA /* Frameworks */,
			);
			sourceTree = "<group>";
		};
		E42C845122535AEA00A20339 /* Products */ = {
			isa = PBXGroup;
			children = (
				E42C845022535AEA00A20339 /* ApexStatTracker.app */,
			);
			name = Products;
			sourceTree = "<group>";
		};
		E42C845222535AEA00A20339 /* ApexStatTracker */ = {
			isa = PBXGroup;
			children = (
				E42C845322535AEA00A20339 /* AppDelegate.swift */,
				E42C84692253655F00A20339 /* Model */,
				E42C84682253654900A20339 /* Views */,
				E42C84672253653800A20339 /* Controllers */,
				E42C845A22535AEC00A20339 /* Assets.xcassets */,
				E42C845C22535AEC00A20339 /* LaunchScreen.storyboard */,
				E42C845F22535AEC00A20339 /* Info.plist */,
			);
			path = ApexStatTracker;
			sourceTree = "<group>";
		};
		E42C84672253653800A20339 /* Controllers */ = {
			isa = PBXGroup;
			children = (
				E42C845522535AEA00A20339 /* PlayerViewController.swift */,
				E4729982225DF35000336D7A /* DetailViewController.swift */,
			);
			path = Controllers;
			sourceTree = "<group>";
		};
		E42C84682253654900A20339 /* Views */ = {
			isa = PBXGroup;
			children = (
				E42C845722535AEA00A20339 /* Main.storyboard */,
			);
			path = Views;
			sourceTree = "<group>";
		};
		E42C84692253655F00A20339 /* Model */ = {
			isa = PBXGroup;
			children = (
				E42C846A225366BE00A20339 /* PlayerDataModel.swift */,
				E4A434B022561B7A00CE2A3C /* StatsCollectionViewCell.swift */,
			);
			path = Model;
			sourceTree = "<group>";
		};
/* End PBXGroup section */

/* Begin PBXNativeTarget section */
		E42C844F22535AEA00A20339 /* ApexStatTracker */ = {
			isa = PBXNativeTarget;
			buildConfigurationList = E42C846222535AEC00A20339 /* Build configuration list for PBXNativeTarget "ApexStatTracker" */;
			buildPhases = (
				BABAEA4B385CA0E9BE2B96F6 /* [CP] Check Pods Manifest.lock */,
				E42C844C22535AEA00A20339 /* Sources */,
				E42C844D22535AEA00A20339 /* Frameworks */,
				E42C844E22535AEA00A20339 /* Resources */,
				C53AD2E3759D322492325C79 /* [CP] Embed Pods Frameworks */,
			);
			buildRules = (
			);
			dependencies = (
			);
			name = ApexStatTracker;
			productName = ApexStatTracker;
			productReference = E42C845022535AEA00A20339 /* ApexStatTracker.app */;
			productType = "com.apple.product-type.application";
		};
/* End PBXNativeTarget section */

/* Begin PBXProject section */
		E42C844822535AEA00A20339 /* Project object */ = {
			isa = PBXProject;
			attributes = {
				LastSwiftUpdateCheck = 1010;
				LastUpgradeCheck = 1010;
				ORGANIZATIONNAME = "Alexander Gunnarsson";
				TargetAttributes = {
					E42C844F22535AEA00A20339 = {
						CreatedOnToolsVersion = 10.1;
					};
				};
			};
			buildConfigurationList = E42C844B22535AEA00A20339 /* Build configuration list for PBXProject "ApexStatTracker" */;
			compatibilityVersion = "Xcode 9.3";
			developmentRegion = en;
			hasScannedForEncodings = 0;
			knownRegions = (
				en,
				Base,
			);
			mainGroup = E42C844722535AEA00A20339;
			productRefGroup = E42C845122535AEA00A20339 /* Products */;
			projectDirPath = "";
			projectRoot = "";
			targets = (
				E42C844F22535AEA00A20339 /* ApexStatTracker */,
			);
		};
/* End PBXProject section */

/* Begin PBXResourcesBuildPhase section */
		E42C844E22535AEA00A20339 /* Resources */ = {
			isa = PBXResourcesBuildPhase;
			buildActionMask = 2147483647;
			files = (
				E42C845E22535AEC00A20339 /* LaunchScreen.storyboard in Resources */,
				E42C845B22535AEC00A20339 /* Assets.xcassets in Resources */,
				E42C845922535AEA00A20339 /* Main.storyboard in Resources */,
			);
			runOnlyForDeploymentPostprocessing = 0;
		};
/* End PBXResourcesBuildPhase section */

/* Begin PBXShellScriptBuildPhase section */
		BABAEA4B385CA0E9BE2B96F6 /* [CP] Check Pods Manifest.lock */ = {
			isa = PBXShellScriptBuildPhase;
			buildActionMask = 2147483647;
			files = (
			);
			inputFileListPaths = (
			);
			inputPaths = (
				"${PODS_PODFILE_DIR_PATH}/Podfile.lock",
				"${PODS_ROOT}/Manifest.lock",
			);
			name = "[CP] Check Pods Manifest.lock";
			outputFileListPaths = (
			);
			outputPaths = (
				"$(DERIVED_FILE_DIR)/Pods-ApexStatTracker-checkManifestLockResult.txt",
			);
			runOnlyForDeploymentPostprocessing = 0;
			shellPath = /bin/sh;
			shellScript = "diff \"${PODS_PODFILE_DIR_PATH}/Podfile.lock\" \"${PODS_ROOT}/Manifest.lock\" > /dev/null\nif [ $? != 0 ] ; then\n    # print error to STDERR\n    echo \"error: The sandbox is not in sync with the Podfile.lock. Run 'pod install' or update your CocoaPods installation.\" >&2\n    exit 1\nfi\n# This output is used by Xcode 'outputs' to avoid re-running this script phase.\necho \"SUCCESS\" > \"${SCRIPT_OUTPUT_FILE_0}\"\n";
			showEnvVarsInLog = 0;
		};
		C53AD2E3759D322492325C79 /* [CP] Embed Pods Frameworks */ = {
			isa = PBXShellScriptBuildPhase;
			buildActionMask = 2147483647;
			files = (
			);
			inputFileListPaths = (
			);
			inputPaths = (
				"${PODS_ROOT}/Target Support Files/Pods-ApexStatTracker/Pods-ApexStatTracker-frameworks.sh",
				"${BUILT_PRODUCTS_DIR}/Alamofire/Alamofire.framework",
				"${BUILT_PRODUCTS_DIR}/SVProgressHUD/SVProgressHUD.framework",
				"${BUILT_PRODUCTS_DIR}/SwiftyJSON/SwiftyJSON.framework",
			);
			name = "[CP] Embed Pods Frameworks";
			outputFileListPaths = (
			);
			outputPaths = (
				"${TARGET_BUILD_DIR}/${FRAMEWORKS_FOLDER_PATH}/Alamofire.framework",
				"${TARGET_BUILD_DIR}/${FRAMEWORKS_FOLDER_PATH}/SVProgressHUD.framework",
				"${TARGET_BUILD_DIR}/${FRAMEWORKS_FOLDER_PATH}/SwiftyJSON.framework",
			);
			runOnlyForDeploymentPostprocessing = 0;
			shellPath = /bin/sh;
			shellScript = "\"${PODS_ROOT}/Target Support Files/Pods-ApexStatTracker/Pods-ApexStatTracker-frameworks.sh\"\n";
			showEnvVarsInLog = 0;
		};
/* End PBXShellScriptBuildPhase section */

/* Begin PBXSourcesBuildPhase section */
		E42C844C22535AEA00A20339 /* Sources */ = {
			isa = PBXSourcesBuildPhase;
			buildActionMask = 2147483647;
			files = (
				E42C845622535AEA00A20339 /* PlayerViewController.swift in Sources */,
				E42C845422535AEA00A20339 /* AppDelegate.swift in Sources */,
				E4729983225DF35000336D7A /* DetailViewController.swift in Sources */,
				E4A434B122561B7A00CE2A3C /* StatsCollectionViewCell.swift in Sources */,
				E42C846B225366BE00A20339 /* PlayerDataModel.swift in Sources */,
			);
			runOnlyForDeploymentPostprocessing = 0;
		};
/* End PBXSourcesBuildPhase section */

/* Begin PBXVariantGroup section */
		E42C845722535AEA00A20339 /* Main.storyboard */ = {
			isa = PBXVariantGroup;
			children = (
				E42C845822535AEA00A20339 /* Base */,
			);
			name = Main.storyboard;
			sourceTree = "<group>";
		};
		E42C845C22535AEC00A20339 /* LaunchScreen.storyboard */ = {
			isa = PBXVariantGroup;
			children = (
				E42C845D22535AEC00A20339 /* Base */,
			);
			name = LaunchScreen.storyboard;
			sourceTree = "<group>";
		};
/* End PBXVariantGroup section */

/* Begin XCBuildConfiguration section */
		E42C846022535AEC00A20339 /* Debug */ = {
			isa = XCBuildConfiguration;
			buildSettings = {
				ALWAYS_SEARCH_USER_PATHS = NO;
				CLANG_ANALYZER_NONNULL = YES;
				CLANG_ANALYZER_NUMBER_OBJECT_CONVERSION = YES_AGGRESSIVE;
				CLANG_CXX_LANGUAGE_STANDARD = "gnu++14";
				CLANG_CXX_LIBRARY = "libc++";
				CLANG_ENABLE_MODULES = YES;
				CLANG_ENABLE_OBJC_ARC = YES;
				CLANG_ENABLE_OBJC_WEAK = YES;
				CLANG_WARN_BLOCK_CAPTURE_AUTORELEASING = YES;
				CLANG_WARN_BOOL_CONVERSION = YES;
				CLANG_WARN_COMMA = YES;
				CLANG_WARN_CONSTANT_CONVERSION = YES;
				CLANG_WARN_DEPRECATED_OBJC_IMPLEMENTATIONS = YES;
				CLANG_WARN_DIRECT_OBJC_ISA_USAGE = YES_ERROR;
				CLANG_WARN_DOCUMENTATION_COMMENTS = YES;
				CLANG_WARN_EMPTY_BODY = YES;
				CLANG_WARN_ENUM_CONVERSION = YES;
				CLANG_WARN_INFINITE_RECURSION = YES;
				CLANG_WARN_INT_CONVERSION = YES;
				CLANG_WARN_NON_LITERAL_NULL_CONVERSION = YES;
				CLANG_WARN_OBJC_IMPLICIT_RETAIN_SELF = YES;
				CLANG_WARN_OBJC_LITERAL_CONVERSION = YES;
				CLANG_WARN_OBJC_ROOT_CLASS = YES_ERROR;
				CLANG_WARN_RANGE_LOOP_ANALYSIS = YES;
				CLANG_WARN_STRICT_PROTOTYPES = YES;
				CLANG_WARN_SUSPICIOUS_MOVE = YES;
				CLANG_WARN_UNGUARDED_AVAILABILITY = YES_AGGRESSIVE;
				CLANG_WARN_UNREACHABLE_CODE = YES;
				CLANG_WARN__DUPLICATE_METHOD_MATCH = YES;
				CODE_SIGN_IDENTITY = "iPhone Developer";
				COPY_PHASE_STRIP = NO;
				DEBUG_INFORMATION_FORMAT = dwarf;
				ENABLE_STRICT_OBJC_MSGSEND = YES;
				ENABLE_TESTABILITY = YES;
				GCC_C_LANGUAGE_STANDARD = gnu11;
				GCC_DYNAMIC_NO_PIC = NO;
				GCC_NO_COMMON_BLOCKS = YES;
				GCC_OPTIMIZATION_LEVEL = 0;
				GCC_PREPROCESSOR_DEFINITIONS = (
					"DEBUG=1",
					"$(inherited)",
				);
				GCC_WARN_64_TO_32_BIT_CONVERSION = YES;
				GCC_WARN_ABOUT_RETURN_TYPE = YES_ERROR;
				GCC_WARN_UNDECLARED_SELECTOR = YES;
				GCC_WARN_UNINITIALIZED_AUTOS = YES_AGGRESSIVE;
				GCC_WARN_UNUSED_FUNCTION = YES;
				GCC_WARN_UNUSED_VARIABLE = YES;
				IPHONEOS_DEPLOYMENT_TARGET = 12.1;
				MTL_ENABLE_DEBUG_INFO = INCLUDE_SOURCE;
				MTL_FAST_MATH = YES;
				ONLY_ACTIVE_ARCH = YES;
				SDKROOT = iphoneos;
				SWIFT_ACTIVE_COMPILATION_CONDITIONS = DEBUG;
				SWIFT_OPTIMIZATION_LEVEL = "-Onone";
			};
			name = Debug;
		};
		E42C846122535AEC00A20339 /* Release */ = {
			isa = XCBuildConfiguration;
			buildSettings = {
				ALWAYS_SEARCH_USER_PATHS = NO;
				CLANG_ANALYZER_NONNULL = YES;
				CLANG_ANALYZER_NUMBER_OBJECT_CONVERSION = YES_AGGRESSIVE;
				CLANG_CXX_LANGUAGE_STANDARD = "gnu++14";
				CLANG_CXX_LIBRARY = "libc++";
				CLANG_ENABLE_MODULES = YES;
				CLANG_ENABLE_OBJC_ARC = YES;
				CLANG_ENABLE_OBJC_WEAK = YES;
				CLANG_WARN_BLOCK_CAPTURE_AUTORELEASING = YES;
				CLANG_WARN_BOOL_CONVERSION = YES;
				CLANG_WARN_COMMA = YES;
				CLANG_WARN_CONSTANT_CONVERSION = YES;
				CLANG_WARN_DEPRECATED_OBJC_IMPLEMENTATIONS = YES;
				CLANG_WARN_DIRECT_OBJC_ISA_USAGE = YES_ERROR;
				CLANG_WARN_DOCUMENTATION_COMMENTS = YES;
				CLANG_WARN_EMPTY_BODY = YES;
				CLANG_WARN_ENUM_CONVERSION = YES;
				CLANG_WARN_INFINITE_RECURSION = YES;
				CLANG_WARN_INT_CONVERSION = YES;
				CLANG_WARN_NON_LITERAL_NULL_CONVERSION = YES;
				CLANG_WARN_OBJC_IMPLICIT_RETAIN_SELF = YES;
				CLANG_WARN_OBJC_LITERAL_CONVERSION = YES;
				CLANG_WARN_OBJC_ROOT_CLASS = YES_ERROR;
				CLANG_WARN_RANGE_LOOP_ANALYSIS = YES;
				CLANG_WARN_STRICT_PROTOTYPES = YES;
				CLANG_WARN_SUSPICIOUS_MOVE = YES;
				CLANG_WARN_UNGUARDED_AVAILABILITY = YES_AGGRESSIVE;
				CLANG_WARN_UNREACHABLE_CODE = YES;
				CLANG_WARN__DUPLICATE_METHOD_MATCH = YES;
				CODE_SIGN_IDENTITY = "iPhone Developer";
				COPY_PHASE_STRIP = NO;
				DEBUG_INFORMATION_FORMAT = "dwarf-with-dsym";
				ENABLE_NS_ASSERTIONS = NO;
				ENABLE_STRICT_OBJC_MSGSEND = YES;
				GCC_C_LANGUAGE_STANDARD = gnu11;
				GCC_NO_COMMON_BLOCKS = YES;
				GCC_WARN_64_TO_32_BIT_CONVERSION = YES;
				GCC_WARN_ABOUT_RETURN_TYPE = YES_ERROR;
				GCC_WARN_UNDECLARED_SELECTOR = YES;
				GCC_WARN_UNINITIALIZED_AUTOS = YES_AGGRESSIVE;
				GCC_WARN_UNUSED_FUNCTION = YES;
				GCC_WARN_UNUSED_VARIABLE = YES;
				IPHONEOS_DEPLOYMENT_TARGET = 12.1;
				MTL_ENABLE_DEBUG_INFO = NO;
				MTL_FAST_MATH = YES;
				SDKROOT = iphoneos;
				SWIFT_COMPILATION_MODE = wholemodule;
				SWIFT_OPTIMIZATION_LEVEL = "-O";
				VALIDATE_PRODUCT = YES;
			};
			name = Release;
		};
		E42C846322535AEC00A20339 /* Debug */ = {
			isa = XCBuildConfiguration;
			baseConfigurationReference = 9B75023C55E4DBC0622C12BC /* Pods-ApexStatTracker.debug.xcconfig */;
			buildSettings = {
				ASSETCATALOG_COMPILER_APPICON_NAME = AppIcon;
				CODE_SIGN_STYLE = Automatic;
				DEVELOPMENT_TEAM = X5FZP9497A;
				INFOPLIST_FILE = ApexStatTracker/Info.plist;
				LD_RUNPATH_SEARCH_PATHS = (
					"$(inherited)",
					"@executable_path/Frameworks",
				);
				PRODUCT_BUNDLE_IDENTIFIER = com.alexandergunnarsson.ApexStatTracker;
				PRODUCT_NAME = "$(TARGET_NAME)";
				SWIFT_VERSION = 4.2;
				TARGETED_DEVICE_FAMILY = "1,2";
			};
			name = Debug;
		};
		E42C846422535AEC00A20339 /* Release */ = {
			isa = XCBuildConfiguration;
			baseConfigurationReference = 2B424D8DE4132058FFF8880C /* Pods-ApexStatTracker.release.xcconfig */;
			buildSettings = {
				ASSETCATALOG_COMPILER_APPICON_NAME = AppIcon;
				CODE_SIGN_STYLE = Automatic;
				DEVELOPMENT_TEAM = X5FZP9497A;
				INFOPLIST_FILE = ApexStatTracker/Info.plist;
				LD_RUNPATH_SEARCH_PATHS = (
					"$(inherited)",
					"@executable_path/Frameworks",
				);
				PRODUCT_BUNDLE_IDENTIFIER = com.alexandergunnarsson.ApexStatTracker;
				PRODUCT_NAME = "$(TARGET_NAME)";
				SWIFT_VERSION = 4.2;
				TARGETED_DEVICE_FAMILY = "1,2";
			};
			name = Release;
		};
/* End XCBuildConfiguration section */

/* Begin XCConfigurationList section */
		E42C844B22535AEA00A20339 /* Build configuration list for PBXProject "ApexStatTracker" */ = {
			isa = XCConfigurationList;
			buildConfigurations = (
				E42C846022535AEC00A20339 /* Debug */,
				E42C846122535AEC00A20339 /* Release */,
			);
			defaultConfigurationIsVisible = 0;
			defaultConfigurationName = Release;
		};
		E42C846222535AEC00A20339 /* Build configuration list for PBXNativeTarget "ApexStatTracker" */ = {
			isa = XCConfigurationList;
			buildConfigurations = (
				E42C846322535AEC00A20339 /* Debug */,
				E42C846422535AEC00A20339 /* Release */,
			);
			defaultConfigurationIsVisible = 0;
			defaultConfigurationName = Release;
		};
/* End XCConfigurationList section */
	};
	rootObject = E42C844822535AEA00A20339 /* Project object */;
}
